
Microsoft Visual Studio Solution File, Format Version 12.00
# Visual Studio Version 17
VisualStudioVersion = 17.5.33627.172
MinimumVisualStudioVersion = 10.0.40219.1
Project("{FAE04EC0-301F-11D3-BF4B-00C04F79EFBC}") = "XFrame.Metadata", "XFrame.Metadata\XFrame.Metadata.csproj", "{69085C26-D94A-426C-A4F9-DC704B7FA8B3}"
EndProject
Global
	GlobalSection(SolutionConfigurationPlatforms) = preSolution
		Debug|Any CPU = Debug|Any CPU
		Release|Any CPU = Release|Any CPU
	EndGlobalSection
	GlobalSection(ProjectConfigurationPlatforms) = postSolution
		{69085C26-D94A-426C-A4F9-DC704B7FA8B3}.Debug|Any CPU.ActiveCfg = Debug|Any CPU
		{69085C26-D94A-426C-A4F9-DC704B7FA8B3}.Debug|Any CPU.Build.0 = Debug|Any CPU
		{69085C26-D94A-426C-A4F9-DC704B7FA8B3}.Release|Any CPU.ActiveCfg = Release|Any CPU
		{69085C26-D94A-426C-A4F9-DC704B7FA8B3}.Release|Any CPU.Build.0 = Release|Any CPU
	EndGlobalSection
	GlobalSection(SolutionProperties) = preSolution
		HideSolutionNode = FALSE
	EndGlobalSection
	GlobalSection(ExtensibilityGlobals) = postSolution
		SolutionGuid = {504A93D8-8CEC-4191-867A-4E18B8E8B65E}
	EndGlobalSection
EndGlobal
